
Microsoft Visual Studio Solution File, Format Version 12.00
# Visual Studio Version 16
VisualStudioVersion = 16.0.31005.135
MinimumVisualStudioVersion = 10.0.40219.1
Project("{8BC9CEB8-8B4A-11D0-8D11-00A0C91BC942}") = "Codeup_1001", "CodeUp_1001\CodeUp_1001.vcxproj", "{6A1A835B-ECA8-4C7D-BF15-91C2C8E8C6DC}"
EndProject
Project("{8BC9CEB8-8B4A-11D0-8D11-00A0C91BC942}") = "Codeup_1002", "Codeup_1002\Codeup_1002.vcxproj", "{7FAD42BF-06BD-438B-9406-3A8A7FDEC8F1}"
EndProject
Project("{8BC9CEB8-8B4A-11D0-8D11-00A0C91BC942}") = "Codeup_1003", "Codeup_1003\Codeup_1003.vcxproj", "{9BB91EAB-9E02-4BC8-96F4-D92534BA0925}"
EndProject
Project("{8BC9CEB8-8B4A-11D0-8D11-00A0C91BC942}") = "Codeup_1004", "Codeup_1004\Codeup_1004.vcxproj", "{00C2F5A8-5CFF-465B-B0FB-9F02B88E45D9}"
EndProject
Project("{8BC9CEB8-8B4A-11D0-8D11-00A0C91BC942}") = "Codeup_1005", "Codeup_1005\Codeup_1005.vcxproj", "{ECD1B78A-CC6F-47B6-BC42-4F3E9530DDAA}"
EndProject
Project("{8BC9CEB8-8B4A-11D0-8D11-00A0C91BC942}") = "Codeup_1006", "Codeup_1006\Codeup_1006.vcxproj", "{4A56AA13-98E7-4E3E-8E76-3CDE955D61C3}"
EndProject
Project("{8BC9CEB8-8B4A-11D0-8D11-00A0C91BC942}") = "Codeup_1007", "Codeup_1007\Codeup_1007.vcxproj", "{3382E5DC-96E6-46B5-B3DF-16A63D9F8EEA}"
EndProject
Project("{8BC9CEB8-8B4A-11D0-8D11-00A0C91BC942}") = "Codeup_1008", "Codeup_1008\Codeup_1008.vcxproj", "{51ACFEA0-D5B0-4806-8245-564653703BCB}"
EndProject
Project("{8BC9CEB8-8B4A-11D0-8D11-00A0C91BC942}") = "Codeup_1010", "Codeup_1009\Codeup_1009.vcxproj", "{93060AA3-0557-4643-BE09-EAD01A94D03C}"
EndProject
Project("{8BC9CEB8-8B4A-11D0-8D11-00A0C91BC942}") = "Codeup_1011", "Codeup_1011\Codeup_1011.vcxproj", "{30C7A485-5185-4A1F-9823-09A44EAD8F56}"
EndProject
Project("{8BC9CEB8-8B4A-11D0-8D11-00A0C91BC942}") = "Codeup_1012", "Codeup_1012\Codeup_1012.vcxproj", "{B66397E0-C964-43F9-9615-DFE79E6647E7}"
EndProject
Project("{8BC9CEB8-8B4A-11D0-8D11-00A0C91BC942}") = "Codeup_1013", "Codeup_1013\Codeup_1013.vcxproj", "{3967A302-C1CC-4D4C-B2EE-F61D5CD1554B}"
EndProject
Project("{8BC9CEB8-8B4A-11D0-8D11-00A0C91BC942}") = "Codeup_1014", "Codeup_1014\Codeup_1014.vcxproj", "{26B93F3E-6CB0-4810-8385-714C70263B16}"
EndProject
Project("{8BC9CEB8-8B4A-11D0-8D11-00A0C91BC942}") = "Codeup_1015", "codeup_1015\codeup_1015.vcxproj", "{8712FFDC-0654-402C-89E6-D8950530B400}"
EndProject
Project("{8BC9CEB8-8B4A-11D0-8D11-00A0C91BC942}") = "Codeup_1017", "Codeup_1017\Codeup_1017.vcxproj", "{E19ACDD6-E414-41B3-84C4-D46295C114C8}"
EndProject
Project("{8BC9CEB8-8B4A-11D0-8D11-00A0C91BC942}") = "Codeup_1019", "Codeup_1019\Codeup_1019.vcxproj", "{719126C9-645E-4CDA-B5CE-D6DF0F1A7C67}"
EndProject
Project("{8BC9CEB8-8B4A-11D0-8D11-00A0C91BC942}") = "Codeup_1021", "Codeup_2021\Codeup_2021.vcxproj", "{E4C2BDB7-74FF-4AA3-A7FB-4D3F58EE0803}"
EndProject
Global
	GlobalSection(SolutionConfigurationPlatforms) = preSolution
		Debug|x64 = Debug|x64
		Debug|x86 = Debug|x86
		Release|x64 = Release|x64
		Release|x86 = Release|x86
	EndGlobalSection
	GlobalSection(ProjectConfigurationPlatforms) = postSolution
		{6A1A835B-ECA8-4C7D-BF15-91C2C8E8C6DC}.Debug|x64.ActiveCfg = Debug|x64
		{6A1A835B-ECA8-4C7D-BF15-91C2C8E8C6DC}.Debug|x64.Build.0 = Debug|x64
		{6A1A835B-ECA8-4C7D-BF15-91C2C8E8C6DC}.Debug|x86.ActiveCfg = Debug|Win32
		{6A1A835B-ECA8-4C7D-BF15-91C2C8E8C6DC}.Debug|x86.Build.0 = Debug|Win32
		{6A1A835B-ECA8-4C7D-BF15-91C2C8E8C6DC}.Release|x64.ActiveCfg = Release|x64
		{6A1A835B-ECA8-4C7D-BF15-91C2C8E8C6DC}.Release|x64.Build.0 = Release|x64
		{6A1A835B-ECA8-4C7D-BF15-91C2C8E8C6DC}.Release|x86.ActiveCfg = Release|Win32
		{6A1A835B-ECA8-4C7D-BF15-91C2C8E8C6DC}.Release|x86.Build.0 = Release|Win32
		{7FAD42BF-06BD-438B-9406-3A8A7FDEC8F1}.Debug|x64.ActiveCfg = Debug|x64
		{7FAD42BF-06BD-438B-9406-3A8A7FDEC8F1}.Debug|x64.Build.0 = Debug|x64
		{7FAD42BF-06BD-438B-9406-3A8A7FDEC8F1}.Debug|x86.ActiveCfg = Debug|Win32
		{7FAD42BF-06BD-438B-9406-3A8A7FDEC8F1}.Debug|x86.Build.0 = Debug|Win32
		{7FAD42BF-06BD-438B-9406-3A8A7FDEC8F1}.Release|x64.ActiveCfg = Release|x64
		{7FAD42BF-06BD-438B-9406-3A8A7FDEC8F1}.Release|x64.Build.0 = Release|x64
		{7FAD42BF-06BD-438B-9406-3A8A7FDEC8F1}.Release|x86.ActiveCfg = Release|Win32
		{7FAD42BF-06BD-438B-9406-3A8A7FDEC8F1}.Release|x86.Build.0 = Release|Win32
		{9BB91EAB-9E02-4BC8-96F4-D92534BA0925}.Debug|x64.ActiveCfg = Debug|x64
		{9BB91EAB-9E02-4BC8-96F4-D92534BA0925}.Debug|x64.Build.0 = Debug|x64
		{9BB91EAB-9E02-4BC8-96F4-D92534BA0925}.Debug|x86.ActiveCfg = Debug|Win32
		{9BB91EAB-9E02-4BC8-96F4-D92534BA0925}.Debug|x86.Build.0 = Debug|Win32
		{9BB91EAB-9E02-4BC8-96F4-D92534BA0925}.Release|x64.ActiveCfg = Release|x64
		{9BB91EAB-9E02-4BC8-96F4-D92534BA0925}.Release|x64.Build.0 = Release|x64
		{9BB91EAB-9E02-4BC8-96F4-D92534BA0925}.Release|x86.ActiveCfg = Release|Win32
		{9BB91EAB-9E02-4BC8-96F4-D92534BA0925}.Release|x86.Build.0 = Release|Win32
		{00C2F5A8-5CFF-465B-B0FB-9F02B88E45D9}.Debug|x64.ActiveCfg = Debug|x64
		{00C2F5A8-5CFF-465B-B0FB-9F02B88E45D9}.Debug|x64.Build.0 = Debug|x64
		{00C2F5A8-5CFF-465B-B0FB-9F02B88E45D9}.Debug|x86.ActiveCfg = Debug|Win32
		{00C2F5A8-5CFF-465B-B0FB-9F02B88E45D9}.Debug|x86.Build.0 = Debug|Win32
		{00C2F5A8-5CFF-465B-B0FB-9F02B88E45D9}.Release|x64.ActiveCfg = Release|x64
		{00C2F5A8-5CFF-465B-B0FB-9F02B88E45D9}.Release|x64.Build.0 = Release|x64
		{00C2F5A8-5CFF-465B-B0FB-9F02B88E45D9}.Release|x86.ActiveCfg = Release|Win32
		{00C2F5A8-5CFF-465B-B0FB-9F02B88E45D9}.Release|x86.Build.0 = Release|Win32
		{ECD1B78A-CC6F-47B6-BC42-4F3E9530DDAA}.Debug|x64.ActiveCfg = Debug|x64
		{ECD1B78A-CC6F-47B6-BC42-4F3E9530DDAA}.Debug|x64.Build.0 = Debug|x64
		{ECD1B78A-CC6F-47B6-BC42-4F3E9530DDAA}.Debug|x86.ActiveCfg = Debug|Win32
		{ECD1B78A-CC6F-47B6-BC42-4F3E9530DDAA}.Debug|x86.Build.0 = Debug|Win32
		{ECD1B78A-CC6F-47B6-BC42-4F3E9530DDAA}.Release|x64.ActiveCfg = Release|x64
		{ECD1B78A-CC6F-47B6-BC42-4F3E9530DDAA}.Release|x64.Build.0 = Release|x64
		{ECD1B78A-CC6F-47B6-BC42-4F3E9530DDAA}.Release|x86.ActiveCfg = Release|Win32
		{ECD1B78A-CC6F-47B6-BC42-4F3E9530DDAA}.Release|x86.Build.0 = Release|Win32
		{4A56AA13-98E7-4E3E-8E76-3CDE955D61C3}.Debug|x64.ActiveCfg = Debug|x64
		{4A56AA13-98E7-4E3E-8E76-3CDE955D61C3}.Debug|x64.Build.0 = Debug|x64
		{4A56AA13-98E7-4E3E-8E76-3CDE955D61C3}.Debug|x86.ActiveCfg = Debug|Win32
		{4A56AA13-98E7-4E3E-8E76-3CDE955D61C3}.Debug|x86.Build.0 = Debug|Win32
		{4A56AA13-98E7-4E3E-8E76-3CDE955D61C3}.Release|x64.ActiveCfg = Release|x64
		{4A56AA13-98E7-4E3E-8E76-3CDE955D61C3}.Release|x64.Build.0 = Release|x64
		{4A56AA13-98E7-4E3E-8E76-3CDE955D61C3}.Release|x86.ActiveCfg = Release|Win32
		{4A56AA13-98E7-4E3E-8E76-3CDE955D61C3}.Release|x86.Build.0 = Release|Win32
		{3382E5DC-96E6-46B5-B3DF-16A63D9F8EEA}.Debug|x64.ActiveCfg = Debug|x64
		{3382E5DC-96E6-46B5-B3DF-16A63D9F8EEA}.Debug|x64.Build.0 = Debug|x64
		{3382E5DC-96E6-46B5-B3DF-16A63D9F8EEA}.Debug|x86.ActiveCfg = Debug|Win32
		{3382E5DC-96E6-46B5-B3DF-16A63D9F8EEA}.Debug|x86.Build.0 = Debug|Win32
		{3382E5DC-96E6-46B5-B3DF-16A63D9F8EEA}.Release|x64.ActiveCfg = Release|x64
		{3382E5DC-96E6-46B5-B3DF-16A63D9F8EEA}.Release|x64.Build.0 = Release|x64
		{3382E5DC-96E6-46B5-B3DF-16A63D9F8EEA}.Release|x86.ActiveCfg = Release|Win32
		{3382E5DC-96E6-46B5-B3DF-16A63D9F8EEA}.Release|x86.Build.0 = Release|Win32
		{51ACFEA0-D5B0-4806-8245-564653703BCB}.Debug|x64.ActiveCfg = Debug|x64
		{51ACFEA0-D5B0-4806-8245-564653703BCB}.Debug|x64.Build.0 = Debug|x64
		{51ACFEA0-D5B0-4806-8245-564653703BCB}.Debug|x86.ActiveCfg = Debug|Win32
		{51ACFEA0-D5B0-4806-8245-564653703BCB}.Debug|x86.Build.0 = Debug|Win32
		{51ACFEA0-D5B0-4806-8245-564653703BCB}.Release|x64.ActiveCfg = Release|x64
		{51ACFEA0-D5B0-4806-8245-564653703BCB}.Release|x64.Build.0 = Release|x64
		{51ACFEA0-D5B0-4806-8245-564653703BCB}.Release|x86.ActiveCfg = Release|Win32
		{51ACFEA0-D5B0-4806-8245-564653703BCB}.Release|x86.Build.0 = Release|Win32
		{93060AA3-0557-4643-BE09-EAD01A94D03C}.Debug|x64.ActiveCfg = Debug|x64
		{93060AA3-0557-4643-BE09-EAD01A94D03C}.Debug|x64.Build.0 = Debug|x64
		{93060AA3-0557-4643-BE09-EAD01A94D03C}.Debug|x86.ActiveCfg = Debug|Win32
		{93060AA3-0557-4643-BE09-EAD01A94D03C}.Debug|x86.Build.0 = Debug|Win32
		{93060AA3-0557-4643-BE09-EAD01A94D03C}.Release|x64.ActiveCfg = Release|x64
		{93060AA3-0557-4643-BE09-EAD01A94D03C}.Release|x64.Build.0 = Release|x64
		{93060AA3-0557-4643-BE09-EAD01A94D03C}.Release|x86.ActiveCfg = Release|Win32
		{93060AA3-0557-4643-BE09-EAD01A94D03C}.Release|x86.Build.0 = Release|Win32
		{30C7A485-5185-4A1F-9823-09A44EAD8F56}.Debug|x64.ActiveCfg = Debug|x64
		{30C7A485-5185-4A1F-9823-09A44EAD8F56}.Debug|x64.Build.0 = Debug|x64
		{30C7A485-5185-4A1F-9823-09A44EAD8F56}.Debug|x86.ActiveCfg = Debug|Win32
		{30C7A485-5185-4A1F-9823-09A44EAD8F56}.Debug|x86.Build.0 = Debug|Win32
		{30C7A485-5185-4A1F-9823-09A44EAD8F56}.Release|x64.ActiveCfg = Release|x64
		{30C7A485-5185-4A1F-9823-09A44EAD8F56}.Release|x64.Build.0 = Release|x64
		{30C7A485-5185-4A1F-9823-09A44EAD8F56}.Release|x86.ActiveCfg = Release|Win32
		{30C7A485-5185-4A1F-9823-09A44EAD8F56}.Release|x86.Build.0 = Release|Win32
		{B66397E0-C964-43F9-9615-DFE79E6647E7}.Debug|x64.ActiveCfg = Debug|x64
		{B66397E0-C964-43F9-9615-DFE79E6647E7}.Debug|x64.Build.0 = Debug|x64
		{B66397E0-C964-43F9-9615-DFE79E6647E7}.Debug|x86.ActiveCfg = Debug|Win32
		{B66397E0-C964-43F9-9615-DFE79E6647E7}.Debug|x86.Build.0 = Debug|Win32
		{B66397E0-C964-43F9-9615-DFE79E6647E7}.Release|x64.ActiveCfg = Release|x64
		{B66397E0-C964-43F9-9615-DFE79E6647E7}.Release|x64.Build.0 = Release|x64
		{B66397E0-C964-43F9-9615-DFE79E6647E7}.Release|x86.ActiveCfg = Release|Win32
		{B66397E0-C964-43F9-9615-DFE79E6647E7}.Release|x86.Build.0 = Release|Win32
		{3967A302-C1CC-4D4C-B2EE-F61D5CD1554B}.Debug|x64.ActiveCfg = Debug|x64
		{3967A302-C1CC-4D4C-B2EE-F61D5CD1554B}.Debug|x64.Build.0 = Debug|x64
		{3967A302-C1CC-4D4C-B2EE-F61D5CD1554B}.Debug|x86.ActiveCfg = Debug|Win32
		{3967A302-C1CC-4D4C-B2EE-F61D5CD1554B}.Debug|x86.Build.0 = Debug|Win32
		{3967A302-C1CC-4D4C-B2EE-F61D5CD1554B}.Release|x64.ActiveCfg = Release|x64
		{3967A302-C1CC-4D4C-B2EE-F61D5CD1554B}.Release|x64.Build.0 = Release|x64
		{3967A302-C1CC-4D4C-B2EE-F61D5CD1554B}.Release|x86.ActiveCfg = Release|Win32
		{3967A302-C1CC-4D4C-B2EE-F61D5CD1554B}.Release|x86.Build.0 = Release|Win32
		{26B93F3E-6CB0-4810-8385-714C70263B16}.Debug|x64.ActiveCfg = Debug|x64
		{26B93F3E-6CB0-4810-8385-714C70263B16}.Debug|x64.Build.0 = Debug|x64
		{26B93F3E-6CB0-4810-8385-714C70263B16}.Debug|x86.ActiveCfg = Debug|Win32
		{26B93F3E-6CB0-4810-8385-714C70263B16}.Debug|x86.Build.0 = Debug|Win32
		{26B93F3E-6CB0-4810-8385-714C70263B16}.Release|x64.ActiveCfg = Release|x64
		{26B93F3E-6CB0-4810-8385-714C70263B16}.Release|x64.Build.0 = Release|x64
		{26B93F3E-6CB0-4810-8385-714C70263B16}.Release|x86.ActiveCfg = Release|Win32
		{26B93F3E-6CB0-4810-8385-714C70263B16}.Release|x86.Build.0 = Release|Win32
		{8712FFDC-0654-402C-89E6-D8950530B400}.Debug|x64.ActiveCfg = Debug|x64
		{8712FFDC-0654-402C-89E6-D8950530B400}.Debug|x64.Build.0 = Debug|x64
		{8712FFDC-0654-402C-89E6-D8950530B400}.Debug|x86.ActiveCfg = Debug|Win32
		{8712FFDC-0654-402C-89E6-D8950530B400}.Debug|x86.Build.0 = Debug|Win32
		{8712FFDC-0654-402C-89E6-D8950530B400}.Release|x64.ActiveCfg = Release|x64
		{8712FFDC-0654-402C-89E6-D8950530B400}.Release|x64.Build.0 = Release|x64
		{8712FFDC-0654-402C-89E6-D8950530B400}.Release|x86.ActiveCfg = Release|Win32
		{8712FFDC-0654-402C-89E6-D8950530B400}.Release|x86.Build.0 = Release|Win32
		{E19ACDD6-E414-41B3-84C4-D46295C114C8}.Debug|x64.ActiveCfg = Debug|x64
		{E19ACDD6-E414-41B3-84C4-D46295C114C8}.Debug|x64.Build.0 = Debug|x64
		{E19ACDD6-E414-41B3-84C4-D46295C114C8}.Debug|x86.ActiveCfg = Debug|Win32
		{E19ACDD6-E414-41B3-84C4-D46295C114C8}.Debug|x86.Build.0 = Debug|Win32
		{E19ACDD6-E414-41B3-84C4-D46295C114C8}.Release|x64.ActiveCfg = Release|x64
		{E19ACDD6-E414-41B3-84C4-D46295C114C8}.Release|x64.Build.0 = Release|x64
		{E19ACDD6-E414-41B3-84C4-D46295C114C8}.Release|x86.ActiveCfg = Release|Win32
		{E19ACDD6-E414-41B3-84C4-D46295C114C8}.Release|x86.Build.0 = Release|Win32
		{719126C9-645E-4CDA-B5CE-D6DF0F1A7C67}.Debug|x64.ActiveCfg = Debug|x64
		{719126C9-645E-4CDA-B5CE-D6DF0F1A7C67}.Debug|x64.Build.0 = Debug|x64
		{719126C9-645E-4CDA-B5CE-D6DF0F1A7C67}.Debug|x86.ActiveCfg = Debug|Win32
		{719126C9-645E-4CDA-B5CE-D6DF0F1A7C67}.Debug|x86.Build.0 = Debug|Win32
		{719126C9-645E-4CDA-B5CE-D6DF0F1A7C67}.Release|x64.ActiveCfg = Release|x64
		{719126C9-645E-4CDA-B5CE-D6DF0F1A7C67}.Release|x64.Build.0 = Release|x64
		{719126C9-645E-4CDA-B5CE-D6DF0F1A7C67}.Release|x86.ActiveCfg = Release|Win32
		{719126C9-645E-4CDA-B5CE-D6DF0F1A7C67}.Release|x86.Build.0 = Release|Win32
		{E4C2BDB7-74FF-4AA3-A7FB-4D3F58EE0803}.Debug|x64.ActiveCfg = Debug|x64
		{E4C2BDB7-74FF-4AA3-A7FB-4D3F58EE0803}.Debug|x64.Build.0 = Debug|x64
		{E4C2BDB7-74FF-4AA3-A7FB-4D3F58EE0803}.Debug|x86.ActiveCfg = Debug|Win32
		{E4C2BDB7-74FF-4AA3-A7FB-4D3F58EE0803}.Debug|x86.Build.0 = Debug|Win32
		{E4C2BDB7-74FF-4AA3-A7FB-4D3F58EE0803}.Release|x64.ActiveCfg = Release|x64
		{E4C2BDB7-74FF-4AA3-A7FB-4D3F58EE0803}.Release|x64.Build.0 = Release|x64
		{E4C2BDB7-74FF-4AA3-A7FB-4D3F58EE0803}.Release|x86.ActiveCfg = Release|Win32
		{E4C2BDB7-74FF-4AA3-A7FB-4D3F58EE0803}.Release|x86.Build.0 = Release|Win32
	EndGlobalSection
	GlobalSection(SolutionProperties) = preSolution
		HideSolutionNode = FALSE
	EndGlobalSection
	GlobalSection(ExtensibilityGlobals) = postSolution
		SolutionGuid = {12936233-CDC2-46FA-9193-EDD1879B671C}
	EndGlobalSection
EndGlobal
